
Microsoft Visual Studio Solution File, Format Version 12.00
# Visual Studio Version 16
VisualStudioVersion = 16.0.30413.136
MinimumVisualStudioVersion = 10.0.40219.1
Project("{FAE04EC0-301F-11D3-BF4B-00C04F79EFBC}") = "SnapshotMaker", "SnapshotMaker.csproj", "{767B0EFA-D897-476C-AF72-A272AABF7D42}"
EndProject
Global
	GlobalSection(SolutionConfigurationPlatforms) = preSolution
		Debug|Any CPU = Debug|Any CPU
		Debug|x64 = Debug|x64
		Release|Any CPU = Release|Any CPU
		Release|x64 = Release|x64
	EndGlobalSection
	GlobalSection(ProjectConfigurationPlatforms) = postSolution
		{767B0EFA-D897-476C-AF72-A272AABF7D42}.Debug|Any CPU.ActiveCfg = Debug|Any CPU
		{767B0EFA-D897-476C-AF72-A272AABF7D42}.Debug|Any CPU.Build.0 = Debug|Any CPU
		{767B0EFA-D897-476C-AF72-A272AABF7D42}.Debug|x64.ActiveCfg = Debug|x64
		{767B0EFA-D897-476C-AF72-A272AABF7D42}.Debug|x64.Build.0 = Debug|x64
		{767B0EFA-D897-476C-AF72-A272AABF7D42}.Release|Any CPU.ActiveCfg = Release|Any CPU
		{767B0EFA-D897-476C-AF72-A272AABF7D42}.Release|Any CPU.Build.0 = Release|Any CPU
		{767B0EFA-D897-476C-AF72-A272AABF7D42}.Release|x64.ActiveCfg = Release|x64
		{767B0EFA-D897-476C-AF72-A272AABF7D42}.Release|x64.Build.0 = Release|x64
	EndGlobalSection
	GlobalSection(SolutionProperties) = preSolution
		HideSolutionNode = FALSE
	EndGlobalSection
	GlobalSection(ExtensibilityGlobals) = postSolution
		SolutionGuid = {63698E9B-836A-4370-8B06-0F44496D3797}
	EndGlobalSection
EndGlobal
